
Microsoft Visual Studio Solution File, Format Version 12.00
# Visual Studio Version 16
VisualStudioVersion = 16.0.30204.135
MinimumVisualStudioVersion = 10.0.40219.1
Project("{9A19103F-16F7-4668-BE54-9A1E7A4F7556}") = "MySqlHelper", "MySqlHelper\MySqlHelper.csproj", "{DA590C10-2DB1-4A1D-ABAC-CAA0D371601A}"
EndProject
Project("{9A19103F-16F7-4668-BE54-9A1E7A4F7556}") = "MySqlHelper.UnitTests", "MySqlHelper.UnitTests\MySqlHelper.UnitTests.csproj", "{FFFE4E74-8A70-4625-BF4F-2125F917012E}"
EndProject
Project("{2150E333-8FDC-42A3-9474-1A3956D46DE8}") = "Tests", "Tests", "{F88CF1F8-49AD-40F3-9712-76C5FADD745A}"
EndProject
Project("{FAE04EC0-301F-11D3-BF4B-00C04F79EFBC}") = "MySqlHelper.IntegrationTests", "MySqlHelper.IntegrationTests\MySqlHelper.IntegrationTests.csproj", "{306071C9-3C90-4703-892B-CFF32FE4626E}"
EndProject
Global
	GlobalSection(SolutionConfigurationPlatforms) = preSolution
		Debug|Any CPU = Debug|Any CPU
		Release|Any CPU = Release|Any CPU
	EndGlobalSection
	GlobalSection(ProjectConfigurationPlatforms) = postSolution
		{DA590C10-2DB1-4A1D-ABAC-CAA0D371601A}.Debug|Any CPU.ActiveCfg = Debug|Any CPU
		{DA590C10-2DB1-4A1D-ABAC-CAA0D371601A}.Debug|Any CPU.Build.0 = Debug|Any CPU
		{DA590C10-2DB1-4A1D-ABAC-CAA0D371601A}.Release|Any CPU.ActiveCfg = Release|Any CPU
		{DA590C10-2DB1-4A1D-ABAC-CAA0D371601A}.Release|Any CPU.Build.0 = Release|Any CPU
		{FFFE4E74-8A70-4625-BF4F-2125F917012E}.Debug|Any CPU.ActiveCfg = Debug|Any CPU
		{FFFE4E74-8A70-4625-BF4F-2125F917012E}.Debug|Any CPU.Build.0 = Debug|Any CPU
		{FFFE4E74-8A70-4625-BF4F-2125F917012E}.Release|Any CPU.ActiveCfg = Release|Any CPU
		{FFFE4E74-8A70-4625-BF4F-2125F917012E}.Release|Any CPU.Build.0 = Release|Any CPU
		{306071C9-3C90-4703-892B-CFF32FE4626E}.Debug|Any CPU.ActiveCfg = Debug|Any CPU
		{306071C9-3C90-4703-892B-CFF32FE4626E}.Debug|Any CPU.Build.0 = Debug|Any CPU
		{306071C9-3C90-4703-892B-CFF32FE4626E}.Release|Any CPU.ActiveCfg = Release|Any CPU
		{306071C9-3C90-4703-892B-CFF32FE4626E}.Release|Any CPU.Build.0 = Release|Any CPU
	EndGlobalSection
	GlobalSection(SolutionProperties) = preSolution
		HideSolutionNode = FALSE
	EndGlobalSection
	GlobalSection(NestedProjects) = preSolution
		{FFFE4E74-8A70-4625-BF4F-2125F917012E} = {F88CF1F8-49AD-40F3-9712-76C5FADD745A}
		{306071C9-3C90-4703-892B-CFF32FE4626E} = {F88CF1F8-49AD-40F3-9712-76C5FADD745A}
	EndGlobalSection
	GlobalSection(ExtensibilityGlobals) = postSolution
		SolutionGuid = {5E5739C0-0990-4C46-8CFE-1F4A79855722}
	EndGlobalSection
EndGlobal
